// !$*UTF8*$!
{
	archiveVersion = 1;
	classes = {
	};
	objectVersion = 46;
	objects = {

/* Begin PBXBuildFile section */
		9B574E031A88F83100EFCBBE /* main.m in Sources */ = {isa = PBXBuildFile; fileRef = 9B574E021A88F83100EFCBBE /* main.m */; };
		9B574E061A88F83100EFCBBE /* AppDelegate.m in Sources */ = {isa = PBXBuildFile; fileRef = 9B574E051A88F83100EFCBBE /* AppDelegate.m */; };
		9B574E091A88F83100EFCBBE /* ViewController.m in Sources */ = {isa = PBXBuildFile; fileRef = 9B574E081A88F83100EFCBBE /* ViewController.m */; };
		9B574E0C1A88F83100EFCBBE /* Main.storyboard in Resources */ = {isa = PBXBuildFile; fileRef = 9B574E0A1A88F83100EFCBBE /* Main.storyboard */; };
		9B574E0E1A88F83100EFCBBE /* Images.xcassets in Resources */ = {isa = PBXBuildFile; fileRef = 9B574E0D1A88F83100EFCBBE /* Images.xcassets */; };
		9B574E111A88F83100EFCBBE /* LaunchScreen.xib in Resources */ = {isa = PBXBuildFile; fileRef = 9B574E0F1A88F83100EFCBBE /* LaunchScreen.xib */; };
		9B574E2B1A88FF9F00EFCBBE /* AnimatedSegue.m in Sources */ = {isa = PBXBuildFile; fileRef = 9B574E281A88FF9F00EFCBBE /* AnimatedSegue.m */; };
		9B574E2C1A88FF9F00EFCBBE /* PresentSegue.m in Sources */ = {isa = PBXBuildFile; fileRef = 9B574E2A1A88FF9F00EFCBBE /* PresentSegue.m */; };
/* End PBXBuildFile section */

/* Begin PBXFileReference section */
		9B574DFD1A88F83100EFCBBE /* AnimatedSegueDemo.app */ = {isa = PBXFileReference; explicitFileType = wrapper.application; includeInIndex = 0; path = AnimatedSegueDemo.app; sourceTree = BUILT_PRODUCTS_DIR; };
		9B574E011A88F83100EFCBBE /* Info.plist */ = {isa = PBXFileReference; lastKnownFileType = text.plist.xml; path = Info.plist; sourceTree = "<group>"; };
		9B574E021A88F83100EFCBBE /* main.m */ = {isa = PBXFileReference; lastKnownFileType = sourcecode.c.objc; lineEnding = 0; path = main.m; sourceTree = "<group>"; xcLanguageSpecificationIdentifier = xcode.lang.objc; };
		9B574E041A88F83100EFCBBE /* AppDelegate.h */ = {isa = PBXFileReference; lastKnownFileType = sourcecode.c.h; lineEnding = 0; path = AppDelegate.h; sourceTree = "<group>"; xcLanguageSpecificationIdentifier = xcode.lang.objcpp; };
		9B574E051A88F83100EFCBBE /* AppDelegate.m */ = {isa = PBXFileReference; lastKnownFileType = sourcecode.c.objc; lineEnding = 0; path = AppDelegate.m; sourceTree = "<group>"; xcLanguageSpecificationIdentifier = xcode.lang.objc; };
		9B574E071A88F83100EFCBBE /* ViewController.h */ = {isa = PBXFileReference; lastKnownFileType = sourcecode.c.h; lineEnding = 0; path = ViewController.h; sourceTree = "<group>"; xcLanguageSpecificationIdentifier = xcode.lang.objcpp; };
		9B574E081A88F83100EFCBBE /* ViewController.m */ = {isa = PBXFileReference; lastKnownFileType = sourcecode.c.objc; lineEnding = 0; path = ViewController.m; sourceTree = "<group>"; xcLanguageSpecificationIdentifier = xcode.lang.objc; };
		9B574E0B1A88F83100EFCBBE /* Base */ = {isa = PBXFileReference; lastKnownFileType = file.storyboard; name = Base; path = Base.lproj/Main.storyboard; sourceTree = "<group>"; };
		9B574E0D1A88F83100EFCBBE /* Images.xcassets */ = {isa = PBXFileReference; lastKnownFileType = folder.assetcatalog; path = Images.xcassets; sourceTree = "<group>"; };
		9B574E101A88F83100EFCBBE /* Base */ = {isa = PBXFileReference; lastKnownFileType = file.xib; name = Base; path = Base.lproj/LaunchScreen.xib; sourceTree = "<group>"; };
		9B574E271A88FF9F00EFCBBE /* AnimatedSegue.h */ = {isa = PBXFileReference; fileEncoding = 4; lastKnownFileType = sourcecode.c.h; lineEnding = 0; path = AnimatedSegue.h; sourceTree = "<group>"; xcLanguageSpecificationIdentifier = xcode.lang.objcpp; };
		9B574E281A88FF9F00EFCBBE /* AnimatedSegue.m */ = {isa = PBXFileReference; fileEncoding = 4; lastKnownFileType = sourcecode.c.objc; lineEnding = 0; path = AnimatedSegue.m; sourceTree = "<group>"; xcLanguageSpecificationIdentifier = xcode.lang.objc; };
		9B574E291A88FF9F00EFCBBE /* PresentSegue.h */ = {isa = PBXFileReference; fileEncoding = 4; lastKnownFileType = sourcecode.c.h; lineEnding = 0; path = PresentSegue.h; sourceTree = "<group>"; xcLanguageSpecificationIdentifier = xcode.lang.objcpp; };
		9B574E2A1A88FF9F00EFCBBE /* PresentSegue.m */ = {isa = PBXFileReference; fileEncoding = 4; lastKnownFileType = sourcecode.c.objc; lineEnding = 0; path = PresentSegue.m; sourceTree = "<group>"; xcLanguageSpecificationIdentifier = xcode.lang.objc; };
/* End PBXFileReference section */

/* Begin PBXFrameworksBuildPhase section */
		9B574DFA1A88F83100EFCBBE /* Frameworks */ = {
			isa = PBXFrameworksBuildPhase;
			buildActionMask = 2147483647;
			files = (
			);
			runOnlyForDeploymentPostprocessing = 0;
		};
/* End PBXFrameworksBuildPhase section */

/* Begin PBXGroup section */
		9B574DF41A88F83100EFCBBE = {
			isa = PBXGroup;
			children = (
				9B574DFF1A88F83100EFCBBE /* AnimatedSegue */,
				9B574DFE1A88F83100EFCBBE /* Products */,
			);
			sourceTree = "<group>";
		};
		9B574DFE1A88F83100EFCBBE /* Products */ = {
			isa = PBXGroup;
			children = (
				9B574DFD1A88F83100EFCBBE /* AnimatedSegueDemo.app */,
			);
			name = Products;
			sourceTree = "<group>";
		};
		9B574DFF1A88F83100EFCBBE /* AnimatedSegue */ = {
			isa = PBXGroup;
			children = (
				9B574E261A88FF9F00EFCBBE /* Segue */,
				9B574E041A88F83100EFCBBE /* AppDelegate.h */,
				9B574E051A88F83100EFCBBE /* AppDelegate.m */,
				9B574E071A88F83100EFCBBE /* ViewController.h */,
				9B574E081A88F83100EFCBBE /* ViewController.m */,
				9B574E0A1A88F83100EFCBBE /* Main.storyboard */,
				9B574E0D1A88F83100EFCBBE /* Images.xcassets */,
				9B574E0F1A88F83100EFCBBE /* LaunchScreen.xib */,
				9B574E001A88F83100EFCBBE /* Supporting Files */,
			);
			path = AnimatedSegue;
			sourceTree = "<group>";
		};
		9B574E001A88F83100EFCBBE /* Supporting Files */ = {
			isa = PBXGroup;
			children = (
				9B574E011A88F83100EFCBBE /* Info.plist */,
				9B574E021A88F83100EFCBBE /* main.m */,
			);
			name = "Supporting Files";
			sourceTree = "<group>";
		};
		9B574E261A88FF9F00EFCBBE /* Segue */ = {
			isa = PBXGroup;
			children = (
				9B574E271A88FF9F00EFCBBE /* AnimatedSegue.h */,
				9B574E281A88FF9F00EFCBBE /* AnimatedSegue.m */,
				9B574E291A88FF9F00EFCBBE /* PresentSegue.h */,
				9B574E2A1A88FF9F00EFCBBE /* PresentSegue.m */,
			);
			path = Segue;
			sourceTree = "<group>";
		};
/* End PBXGroup section */

/* Begin PBXNativeTarget section */
		9B574DFC1A88F83100EFCBBE /* AnimatedSegueDemo */ = {
			isa = PBXNativeTarget;
			buildConfigurationList = 9B574E201A88F83100EFCBBE /* Build configuration list for PBXNativeTarget "AnimatedSegueDemo" */;
			buildPhases = (
				9B574DF91A88F83100EFCBBE /* Sources */,
				9B574DFA1A88F83100EFCBBE /* Frameworks */,
				9B574DFB1A88F83100EFCBBE /* Resources */,
			);
			buildRules = (
			);
			dependencies = (
			);
			name = AnimatedSegueDemo;
			productName = AnimableSegue;
			productReference = 9B574DFD1A88F83100EFCBBE /* AnimatedSegueDemo.app */;
			productType = "com.apple.product-type.application";
		};
/* End PBXNativeTarget section */

/* Begin PBXProject section */
		9B574DF51A88F83100EFCBBE /* Project object */ = {
			isa = PBXProject;
			attributes = {
				LastUpgradeCheck = 0610;
				ORGANIZATIONNAME = Tryolabs;
				TargetAttributes = {
					9B574DFC1A88F83100EFCBBE = {
						CreatedOnToolsVersion = 6.1.1;
					};
				};
			};
			buildConfigurationList = 9B574DF81A88F83100EFCBBE /* Build configuration list for PBXProject "AnimatedSegueDemo" */;
			compatibilityVersion = "Xcode 3.2";
			developmentRegion = English;
			hasScannedForEncodings = 0;
			knownRegions = (
				en,
				Base,
			);
			mainGroup = 9B574DF41A88F83100EFCBBE;
			productRefGroup = 9B574DFE1A88F83100EFCBBE /* Products */;
			projectDirPath = "";
			projectRoot = "";
			targets = (
				9B574DFC1A88F83100EFCBBE /* AnimatedSegueDemo */,
			);
		};
/* End PBXProject section */

/* Begin PBXResourcesBuildPhase section */
		9B574DFB1A88F83100EFCBBE /* Resources */ = {
			isa = PBXResourcesBuildPhase;
			buildActionMask = 2147483647;
			files = (
				9B574E0C1A88F83100EFCBBE /* Main.storyboard in Resources */,
				9B574E111A88F83100EFCBBE /* LaunchScreen.xib in Resources */,
				9B574E0E1A88F83100EFCBBE /* Images.xcassets in Resources */,
			);
			runOnlyForDeploymentPostprocessing = 0;
		};
/* End PBXResourcesBuildPhase section */

/* Begin PBXSourcesBuildPhase section */
		9B574DF91A88F83100EFCBBE /* Sources */ = {
			isa = PBXSourcesBuildPhase;
			buildActionMask = 2147483647;
			files = (
				9B574E2B1A88FF9F00EFCBBE /* AnimatedSegue.m in Sources */,
				9B574E091A88F83100EFCBBE /* ViewController.m in Sources */,
				9B574E061A88F83100EFCBBE /* AppDelegate.m in Sources */,
				9B574E031A88F83100EFCBBE /* main.m in Sources */,
				9B574E2C1A88FF9F00EFCBBE /* PresentSegue.m in Sources */,
			);
			runOnlyForDeploymentPostprocessing = 0;
		};
/* End PBXSourcesBuildPhase section */

/* Begin PBXVariantGroup section */
		9B574E0A1A88F83100EFCBBE /* Main.storyboard */ = {
			isa = PBXVariantGroup;
			children = (
				9B574E0B1A88F83100EFCBBE /* Base */,
			);
			name = Main.storyboard;
			sourceTree = "<group>";
		};
		9B574E0F1A88F83100EFCBBE /* LaunchScreen.xib */ = {
			isa = PBXVariantGroup;
			children = (
				9B574E101A88F83100EFCBBE /* Base */,
			);
			name = LaunchScreen.xib;
			sourceTree = "<group>";
		};
/* End PBXVariantGroup section */

/* Begin XCBuildConfiguration section */
		9B574E1E1A88F83100EFCBBE /* Debug */ = {
			isa = XCBuildConfiguration;
			buildSettings = {
				ALWAYS_SEARCH_USER_PATHS = NO;
				CLANG_CXX_LANGUAGE_STANDARD = "gnu++0x";
				CLANG_CXX_LIBRARY = "libc++";
				CLANG_ENABLE_MODULES = YES;
				CLANG_ENABLE_OBJC_ARC = YES;
				CLANG_WARN_BOOL_CONVERSION = YES;
				CLANG_WARN_CONSTANT_CONVERSION = YES;
				CLANG_WARN_DIRECT_OBJC_ISA_USAGE = YES_ERROR;
				CLANG_WARN_EMPTY_BODY = YES;
				CLANG_WARN_ENUM_CONVERSION = YES;
				CLANG_WARN_INT_CONVERSION = YES;
				CLANG_WARN_OBJC_ROOT_CLASS = YES_ERROR;
				CLANG_WARN_UNREACHABLE_CODE = YES;
				CLANG_WARN__DUPLICATE_METHOD_MATCH = YES;
				"CODE_SIGN_IDENTITY[sdk=iphoneos*]" = "iPhone Developer";
				COPY_PHASE_STRIP = NO;
				ENABLE_STRICT_OBJC_MSGSEND = YES;
				GCC_C_LANGUAGE_STANDARD = gnu99;
				GCC_DYNAMIC_NO_PIC = NO;
				GCC_OPTIMIZATION_LEVEL = 0;
				GCC_PREPROCESSOR_DEFINITIONS = (
					"DEBUG=1",
					"$(inherited)",
				);
				GCC_SYMBOLS_PRIVATE_EXTERN = NO;
				GCC_WARN_64_TO_32_BIT_CONVERSION = YES;
				GCC_WARN_ABOUT_RETURN_TYPE = YES_ERROR;
				GCC_WARN_UNDECLARED_SELECTOR = YES;
				GCC_WARN_UNINITIALIZED_AUTOS = YES_AGGRESSIVE;
				GCC_WARN_UNUSED_FUNCTION = YES;
				GCC_WARN_UNUSED_VARIABLE = YES;
				IPHONEOS_DEPLOYMENT_TARGET = 8.1;
				MTL_ENABLE_DEBUG_INFO = YES;
				ONLY_ACTIVE_ARCH = YES;
				SDKROOT = iphoneos;
			};
			name = Debug;
		};
		9B574E1F1A88F83100EFCBBE /* Release */ = {
			isa = XCBuildConfiguration;
			buildSettings = {
				ALWAYS_SEARCH_USER_PATHS = NO;
				CLANG_CXX_LANGUAGE_STANDARD = "gnu++0x";
				CLANG_CXX_LIBRARY = "libc++";
				CLANG_ENABLE_MODULES = YES;
				CLANG_ENABLE_OBJC_ARC = YES;
				CLANG_WARN_BOOL_CONVERSION = YES;
				CLANG_WARN_CONSTANT_CONVERSION = YES;
				CLANG_WARN_DIRECT_OBJC_ISA_USAGE = YES_ERROR;
				CLANG_WARN_EMPTY_BODY = YES;
				CLANG_WARN_ENUM_CONVERSION = YES;
				CLANG_WARN_INT_CONVERSION = YES;
				CLANG_WARN_OBJC_ROOT_CLASS = YES_ERROR;
				CLANG_WARN_UNREACHABLE_CODE = YES;
				CLANG_WARN__DUPLICATE_METHOD_MATCH = YES;
				"CODE_SIGN_IDENTITY[sdk=iphoneos*]" = "iPhone Developer";
				COPY_PHASE_STRIP = YES;
				ENABLE_NS_ASSERTIONS = NO;
				ENABLE_STRICT_OBJC_MSGSEND = YES;
				GCC_C_LANGUAGE_STANDARD = gnu99;
				GCC_WARN_64_TO_32_BIT_CONVERSION = YES;
				GCC_WARN_ABOUT_RETURN_TYPE = YES_ERROR;
				GCC_WARN_UNDECLARED_SELECTOR = YES;
				GCC_WARN_UNINITIALIZED_AUTOS = YES_AGGRESSIVE;
				GCC_WARN_UNUSED_FUNCTION = YES;
				GCC_WARN_UNUSED_VARIABLE = YES;
				IPHONEOS_DEPLOYMENT_TARGET = 8.1;
				MTL_ENABLE_DEBUG_INFO = NO;
				SDKROOT = iphoneos;
				VALIDATE_PRODUCT = YES;
			};
			name = Release;
		};
		9B574E211A88F83100EFCBBE /* Debug */ = {
			isa = XCBuildConfiguration;
			buildSettings = {
				ASSETCATALOG_COMPILER_APPICON_NAME = AppIcon;
				INFOPLIST_FILE = AnimableSegue/Info.plist;
				LD_RUNPATH_SEARCH_PATHS = "$(inherited) @executable_path/Frameworks";
				PRODUCT_NAME = AnimatedSegueDemo;
			};
			name = Debug;
		};
		9B574E221A88F83100EFCBBE /* Release */ = {
			isa = XCBuildConfiguration;
			buildSettings = {
				ASSETCATALOG_COMPILER_APPICON_NAME = AppIcon;
				INFOPLIST_FILE = AnimableSegue/Info.plist;
				LD_RUNPATH_SEARCH_PATHS = "$(inherited) @executable_path/Frameworks";
				PRODUCT_NAME = AnimatedSegueDemo;
			};
			name = Release;
		};
/* End XCBuildConfiguration section */

/* Begin XCConfigurationList section */
		9B574DF81A88F83100EFCBBE /* Build configuration list for PBXProject "AnimatedSegueDemo" */ = {
			isa = XCConfigurationList;
			buildConfigurations = (
				9B574E1E1A88F83100EFCBBE /* Debug */,
				9B574E1F1A88F83100EFCBBE /* Release */,
			);
			defaultConfigurationIsVisible = 0;
			defaultConfigurationName = Release;
		};
		9B574E201A88F83100EFCBBE /* Build configuration list for PBXNativeTarget "AnimatedSegueDemo" */ = {
			isa = XCConfigurationList;
			buildConfigurations = (
				9B574E211A88F83100EFCBBE /* Debug */,
				9B574E221A88F83100EFCBBE /* Release */,
			);
			defaultConfigurationIsVisible = 0;
			defaultConfigurationName = Release;
		};
/* End XCConfigurationList section */
	};
	rootObject = 9B574DF51A88F83100EFCBBE /* Project object */;
}
